
Microsoft Visual Studio Solution File, Format Version 12.00
# Visual Studio Version 17
VisualStudioVersion = 17.7.34024.191
MinimumVisualStudioVersion = 10.0.40219.1
Project("{FAE04EC0-301F-11D3-BF4B-00C04F79EFBC}") = "SCloseTimer", "SCloseTimer.csproj", "{2563CBA3-9327-4DE0-A0BE-E7E17D00A2EA}"
EndProject
Global
	GlobalSection(SolutionConfigurationPlatforms) = preSolution
		Debug|Any CPU = Debug|Any CPU
		Release|Any CPU = Release|Any CPU
	EndGlobalSection
	GlobalSection(ProjectConfigurationPlatforms) = postSolution
		{2563CBA3-9327-4DE0-A0BE-E7E17D00A2EA}.Debug|Any CPU.ActiveCfg = Debug|Any CPU
		{2563CBA3-9327-4DE0-A0BE-E7E17D00A2EA}.Debug|Any CPU.Build.0 = Debug|Any CPU
		{2563CBA3-9327-4DE0-A0BE-E7E17D00A2EA}.Release|Any CPU.ActiveCfg = Release|Any CPU
		{2563CBA3-9327-4DE0-A0BE-E7E17D00A2EA}.Release|Any CPU.Build.0 = Release|Any CPU
	EndGlobalSection
	GlobalSection(SolutionProperties) = preSolution
		HideSolutionNode = FALSE
	EndGlobalSection
	GlobalSection(ExtensibilityGlobals) = postSolution
		SolutionGuid = {F70C475A-82B7-4F2B-9B84-B7414812FB45}
	EndGlobalSection
EndGlobal
